
Microsoft Visual Studio Solution File, Format Version 12.00
# Visual Studio 15
VisualStudioVersion = 15.0.28307.271
MinimumVisualStudioVersion = 10.0.40219.1
Project("{FAE04EC0-301F-11D3-BF4B-00C04F79EFBC}") = "methodopg9", "methodopg9\methodopg9.csproj", "{4C242C5F-62FD-48BC-AD72-BD5C7B0F3DEB}"
EndProject
Global
	GlobalSection(SolutionConfigurationPlatforms) = preSolution
		Debug|Any CPU = Debug|Any CPU
		Release|Any CPU = Release|Any CPU
	EndGlobalSection
	GlobalSection(ProjectConfigurationPlatforms) = postSolution
		{4C242C5F-62FD-48BC-AD72-BD5C7B0F3DEB}.Debug|Any CPU.ActiveCfg = Debug|Any CPU
		{4C242C5F-62FD-48BC-AD72-BD5C7B0F3DEB}.Debug|Any CPU.Build.0 = Debug|Any CPU
		{4C242C5F-62FD-48BC-AD72-BD5C7B0F3DEB}.Release|Any CPU.ActiveCfg = Release|Any CPU
		{4C242C5F-62FD-48BC-AD72-BD5C7B0F3DEB}.Release|Any CPU.Build.0 = Release|Any CPU
	EndGlobalSection
	GlobalSection(SolutionProperties) = preSolution
		HideSolutionNode = FALSE
	EndGlobalSection
	GlobalSection(ExtensibilityGlobals) = postSolution
		SolutionGuid = {67929CB9-0E86-4263-BABA-587D7C915A5C}
	EndGlobalSection
EndGlobal
